// !$*UTF8*$!
{
	archiveVersion = 1;
	classes = {
	};
	objectVersion = 50;
	objects = {

/* Begin PBXBuildFile section */
		9B6B839A21F2F65200554D2D /* AppDelegate.swift in Sources */ = {isa = PBXBuildFile; fileRef = 9B6B839921F2F65200554D2D /* AppDelegate.swift */; };
		9B6B839C21F2F65200554D2D /* PersonsSearchViewController.swift in Sources */ = {isa = PBXBuildFile; fileRef = 9B6B839B21F2F65200554D2D /* PersonsSearchViewController.swift */; };
		9B6B839F21F2F65200554D2D /* Main.storyboard in Resources */ = {isa = PBXBuildFile; fileRef = 9B6B839D21F2F65200554D2D /* Main.storyboard */; };
		9B6B83A121F2F65500554D2D /* Assets.xcassets in Resources */ = {isa = PBXBuildFile; fileRef = 9B6B83A021F2F65500554D2D /* Assets.xcassets */; };
		9B6B83A421F2F65500554D2D /* LaunchScreen.storyboard in Resources */ = {isa = PBXBuildFile; fileRef = 9B6B83A221F2F65500554D2D /* LaunchScreen.storyboard */; };
		9B6B83B321F301C700554D2D /* Localizable.strings in Resources */ = {isa = PBXBuildFile; fileRef = 9B6B83B521F301C700554D2D /* Localizable.strings */; };
		9B6B83BA21F3035B00554D2D /* Strings.swift in Sources */ = {isa = PBXBuildFile; fileRef = 9B6B83B921F3035B00554D2D /* Strings.swift */; };
		9B6B83BC21F3037600554D2D /* Constants.swift in Sources */ = {isa = PBXBuildFile; fileRef = 9B6B83BB21F3037600554D2D /* Constants.swift */; };
		9B6B83C021F3076100554D2D /* UIView+Xib.swift in Sources */ = {isa = PBXBuildFile; fileRef = 9B6B83BF21F3076100554D2D /* UIView+Xib.swift */; };
		9B6B83C321F311D300554D2D /* Person.swift in Sources */ = {isa = PBXBuildFile; fileRef = 9B6B83C221F311D300554D2D /* Person.swift */; };
		9B6B83CA21F315DB00554D2D /* RxSwift.framework in Frameworks */ = {isa = PBXBuildFile; fileRef = 9B6B83C521F315DA00554D2D /* RxSwift.framework */; };
		9B6B83CB21F315DB00554D2D /* Alamofire.framework in Frameworks */ = {isa = PBXBuildFile; fileRef = 9B6B83C621F315DA00554D2D /* Alamofire.framework */; };
		9B6B83CD21F315DB00554D2D /* ObjectMapper.framework in Frameworks */ = {isa = PBXBuildFile; fileRef = 9B6B83C821F315DB00554D2D /* ObjectMapper.framework */; };
		9B6B83CE21F315DB00554D2D /* RxCocoa.framework in Frameworks */ = {isa = PBXBuildFile; fileRef = 9B6B83C921F315DB00554D2D /* RxCocoa.framework */; };
		9B892A6421F5EB3700A3B58B /* UIView+AllNestedViews.swift in Sources */ = {isa = PBXBuildFile; fileRef = 9B892A6321F5EB3700A3B58B /* UIView+AllNestedViews.swift */; };
		9B892A6721F5EB8100A3B58B /* Collection+IsNotEmpty.swift in Sources */ = {isa = PBXBuildFile; fileRef = 9B892A6621F5EB8100A3B58B /* Collection+IsNotEmpty.swift */; };
		9B892A6B21F5EC1600A3B58B /* Array+UnsafeIndex.swift in Sources */ = {isa = PBXBuildFile; fileRef = 9B892A6A21F5EC1600A3B58B /* Array+UnsafeIndex.swift */; };
		9B892A6E21F5EC6B00A3B58B /* ObjectMapper+Map.swift in Sources */ = {isa = PBXBuildFile; fileRef = 9B892A6D21F5EC6B00A3B58B /* ObjectMapper+Map.swift */; };
		9B892A7121F5ECDD00A3B58B /* Rx+FilterNil.swift in Sources */ = {isa = PBXBuildFile; fileRef = 9B892A7021F5ECDD00A3B58B /* Rx+FilterNil.swift */; };
		9B892A7321F5EE8300A3B58B /* ViewModelType.swift in Sources */ = {isa = PBXBuildFile; fileRef = 9B892A7221F5EE8300A3B58B /* ViewModelType.swift */; };
		9B892A7821F5F1EA00A3B58B /* UITableView+Register.swift in Sources */ = {isa = PBXBuildFile; fileRef = 9B892A7721F5F1EA00A3B58B /* UITableView+Register.swift */; };
		9B892A7D21F5F47B00A3B58B /* PersonCollectionViewCell.swift in Sources */ = {isa = PBXBuildFile; fileRef = 9B892A7B21F5F47B00A3B58B /* PersonCollectionViewCell.swift */; };
		9B892A7E21F5F47B00A3B58B /* PersonCollectionViewCell.xib in Resources */ = {isa = PBXBuildFile; fileRef = 9B892A7C21F5F47B00A3B58B /* PersonCollectionViewCell.xib */; };
/* End PBXBuildFile section */

/* Begin PBXFileReference section */
		9B6B839621F2F65200554D2D /* starWars_arcsinus.app */ = {isa = PBXFileReference; explicitFileType = wrapper.application; includeInIndex = 0; path = starWars_arcsinus.app; sourceTree = BUILT_PRODUCTS_DIR; };
		9B6B839921F2F65200554D2D /* AppDelegate.swift */ = {isa = PBXFileReference; lastKnownFileType = sourcecode.swift; path = AppDelegate.swift; sourceTree = "<group>"; };
		9B6B839B21F2F65200554D2D /* PersonsSearchViewController.swift */ = {isa = PBXFileReference; lastKnownFileType = sourcecode.swift; path = PersonsSearchViewController.swift; sourceTree = "<group>"; };
		9B6B839E21F2F65200554D2D /* Base */ = {isa = PBXFileReference; lastKnownFileType = file.storyboard; name = Base; path = Base.lproj/Main.storyboard; sourceTree = "<group>"; };
		9B6B83A021F2F65500554D2D /* Assets.xcassets */ = {isa = PBXFileReference; lastKnownFileType = folder.assetcatalog; path = Assets.xcassets; sourceTree = "<group>"; };
		9B6B83A321F2F65500554D2D /* Base */ = {isa = PBXFileReference; lastKnownFileType = file.storyboard; name = Base; path = Base.lproj/LaunchScreen.storyboard; sourceTree = "<group>"; };
		9B6B83A521F2F65500554D2D /* Info.plist */ = {isa = PBXFileReference; lastKnownFileType = text.plist.xml; path = Info.plist; sourceTree = "<group>"; };
		9B6B83B421F301C700554D2D /* en */ = {isa = PBXFileReference; lastKnownFileType = text.plist.strings; name = en; path = en.lproj/Localizable.strings; sourceTree = "<group>"; };
		9B6B83B621F301DA00554D2D /* ru */ = {isa = PBXFileReference; lastKnownFileType = text.plist.strings; name = ru; path = ru.lproj/Localizable.strings; sourceTree = "<group>"; };
		9B6B83B921F3035B00554D2D /* Strings.swift */ = {isa = PBXFileReference; lastKnownFileType = sourcecode.swift; path = Strings.swift; sourceTree = "<group>"; };
		9B6B83BB21F3037600554D2D /* Constants.swift */ = {isa = PBXFileReference; lastKnownFileType = sourcecode.swift; path = Constants.swift; sourceTree = "<group>"; };
		9B6B83BF21F3076100554D2D /* UIView+Xib.swift */ = {isa = PBXFileReference; lastKnownFileType = sourcecode.swift; path = "UIView+Xib.swift"; sourceTree = "<group>"; };
		9B6B83C221F311D300554D2D /* Person.swift */ = {isa = PBXFileReference; lastKnownFileType = sourcecode.swift; path = Person.swift; sourceTree = "<group>"; };
		9B6B83C521F315DA00554D2D /* RxSwift.framework */ = {isa = PBXFileReference; lastKnownFileType = wrapper.framework; name = RxSwift.framework; path = Carthage/Build/iOS/RxSwift.framework; sourceTree = "<group>"; };
		9B6B83C621F315DA00554D2D /* Alamofire.framework */ = {isa = PBXFileReference; lastKnownFileType = wrapper.framework; name = Alamofire.framework; path = Carthage/Build/iOS/Alamofire.framework; sourceTree = "<group>"; };
		9B6B83C721F315DB00554D2D /* Kingfisher.framework */ = {isa = PBXFileReference; lastKnownFileType = wrapper.framework; name = Kingfisher.framework; path = Carthage/Build/iOS/Kingfisher.framework; sourceTree = "<group>"; };
		9B6B83C821F315DB00554D2D /* ObjectMapper.framework */ = {isa = PBXFileReference; lastKnownFileType = wrapper.framework; name = ObjectMapper.framework; path = Carthage/Build/iOS/ObjectMapper.framework; sourceTree = "<group>"; };
		9B6B83C921F315DB00554D2D /* RxCocoa.framework */ = {isa = PBXFileReference; lastKnownFileType = wrapper.framework; name = RxCocoa.framework; path = Carthage/Build/iOS/RxCocoa.framework; sourceTree = "<group>"; };
		9B892A6321F5EB3700A3B58B /* UIView+AllNestedViews.swift */ = {isa = PBXFileReference; lastKnownFileType = sourcecode.swift; path = "UIView+AllNestedViews.swift"; sourceTree = "<group>"; };
		9B892A6621F5EB8100A3B58B /* Collection+IsNotEmpty.swift */ = {isa = PBXFileReference; lastKnownFileType = sourcecode.swift; path = "Collection+IsNotEmpty.swift"; sourceTree = "<group>"; };
		9B892A6A21F5EC1600A3B58B /* Array+UnsafeIndex.swift */ = {isa = PBXFileReference; lastKnownFileType = sourcecode.swift; path = "Array+UnsafeIndex.swift"; sourceTree = "<group>"; };
		9B892A6D21F5EC6B00A3B58B /* ObjectMapper+Map.swift */ = {isa = PBXFileReference; lastKnownFileType = sourcecode.swift; path = "ObjectMapper+Map.swift"; sourceTree = "<group>"; };
		9B892A7021F5ECDD00A3B58B /* Rx+FilterNil.swift */ = {isa = PBXFileReference; lastKnownFileType = sourcecode.swift; path = "Rx+FilterNil.swift"; sourceTree = "<group>"; };
		9B892A7221F5EE8300A3B58B /* ViewModelType.swift */ = {isa = PBXFileReference; lastKnownFileType = sourcecode.swift; path = ViewModelType.swift; sourceTree = "<group>"; };
		9B892A7721F5F1EA00A3B58B /* UITableView+Register.swift */ = {isa = PBXFileReference; lastKnownFileType = sourcecode.swift; path = "UITableView+Register.swift"; sourceTree = "<group>"; };
		9B892A7B21F5F47B00A3B58B /* PersonCollectionViewCell.swift */ = {isa = PBXFileReference; lastKnownFileType = sourcecode.swift; path = PersonCollectionViewCell.swift; sourceTree = "<group>"; };
		9B892A7C21F5F47B00A3B58B /* PersonCollectionViewCell.xib */ = {isa = PBXFileReference; lastKnownFileType = file.xib; path = PersonCollectionViewCell.xib; sourceTree = "<group>"; };
/* End PBXFileReference section */

/* Begin PBXFrameworksBuildPhase section */
		9B6B839321F2F65200554D2D /* Frameworks */ = {
			isa = PBXFrameworksBuildPhase;
			buildActionMask = 2147483647;
			files = (
				9B6B83CA21F315DB00554D2D /* RxSwift.framework in Frameworks */,
				9B6B83CB21F315DB00554D2D /* Alamofire.framework in Frameworks */,
				9B6B83CD21F315DB00554D2D /* ObjectMapper.framework in Frameworks */,
				9B6B83CE21F315DB00554D2D /* RxCocoa.framework in Frameworks */,
			);
			runOnlyForDeploymentPostprocessing = 0;
		};
/* End PBXFrameworksBuildPhase section */

/* Begin PBXGroup section */
		9B6B838D21F2F65200554D2D = {
			isa = PBXGroup;
			children = (
				9B6B839821F2F65200554D2D /* starWars_arcsinus */,
				9B6B839721F2F65200554D2D /* Products */,
				9B6B83C421F315DA00554D2D /* Frameworks */,
			);
			sourceTree = "<group>";
		};
		9B6B839721F2F65200554D2D /* Products */ = {
			isa = PBXGroup;
			children = (
				9B6B839621F2F65200554D2D /* starWars_arcsinus.app */,
			);
			name = Products;
			sourceTree = "<group>";
		};
		9B6B839821F2F65200554D2D /* starWars_arcsinus */ = {
			isa = PBXGroup;
			children = (
				9B6B83AD21F3008F00554D2D /* Sources */,
			);
			path = starWars_arcsinus;
			sourceTree = "<group>";
		};
		9B6B83AD21F3008F00554D2D /* Sources */ = {
			isa = PBXGroup;
			children = (
				9B6B839921F2F65200554D2D /* AppDelegate.swift */,
				9B6B83B721F3031100554D2D /* Core */,
				9B6B83AF21F3010000554D2D /* PresentationLayer */,
				9B6B83AE21F300E700554D2D /* Resources */,
				9B6B83B021F3016200554D2D /* Configs */,
			);
			path = Sources;
			sourceTree = "<group>";
		};
		9B6B83AE21F300E700554D2D /* Resources */ = {
			isa = PBXGroup;
			children = (
				9B6B83A021F2F65500554D2D /* Assets.xcassets */,
				9B6B83BD21F3062000554D2D /* Storyboards */,
				9B6B83B521F301C700554D2D /* Localizable.strings */,
			);
			path = Resources;
			sourceTree = "<group>";
		};
		9B6B83AF21F3010000554D2D /* PresentationLayer */ = {
			isa = PBXGroup;
			children = (
				9B892A7421F5F0D600A3B58B /* PersonsSearch */,
			);
			path = PresentationLayer;
			sourceTree = "<group>";
		};
		9B6B83B021F3016200554D2D /* Configs */ = {
			isa = PBXGroup;
			children = (
				9B6B83A521F2F65500554D2D /* Info.plist */,
			);
			path = Configs;
			sourceTree = "<group>";
		};
		9B6B83B721F3031100554D2D /* Core */ = {
			isa = PBXGroup;
			children = (
				9B6B83B821F3032A00554D2D /* Constants */,
				9B6B83BE21F3071E00554D2D /* Extensions */,
				9B6B83C221F311D300554D2D /* Person.swift */,
				9B892A7221F5EE8300A3B58B /* ViewModelType.swift */,
			);
			path = Core;
			sourceTree = "<group>";
		};
		9B6B83B821F3032A00554D2D /* Constants */ = {
			isa = PBXGroup;
			children = (
				9B6B83BB21F3037600554D2D /* Constants.swift */,
				9B6B83B921F3035B00554D2D /* Strings.swift */,
			);
			path = Constants;
			sourceTree = "<group>";
		};
		9B6B83BD21F3062000554D2D /* Storyboards */ = {
			isa = PBXGroup;
			children = (
				9B6B83A221F2F65500554D2D /* LaunchScreen.storyboard */,
				9B6B839D21F2F65200554D2D /* Main.storyboard */,
			);
			path = Storyboards;
			sourceTree = "<group>";
		};
		9B6B83BE21F3071E00554D2D /* Extensions */ = {
			isa = PBXGroup;
			children = (
				9B892A6821F5EBF600A3B58B /* Foundation */,
				9B892A7521F5F1CF00A3B58B /* UIKit */,
				9B892A6C21F5EC4000A3B58B /* ObjectMapper */,
				9B892A6F21F5ECCC00A3B58B /* Rx */,
			);
			path = Extensions;
			sourceTree = "<group>";
		};
		9B6B83C121F3076B00554D2D /* UIView */ = {
			isa = PBXGroup;
			children = (
				9B6B83BF21F3076100554D2D /* UIView+Xib.swift */,
				9B892A6321F5EB3700A3B58B /* UIView+AllNestedViews.swift */,
			);
			path = UIView;
			sourceTree = "<group>";
		};
		9B6B83C421F315DA00554D2D /* Frameworks */ = {
			isa = PBXGroup;
			children = (
				9B6B83C621F315DA00554D2D /* Alamofire.framework */,
				9B6B83C721F315DB00554D2D /* Kingfisher.framework */,
				9B6B83C821F315DB00554D2D /* ObjectMapper.framework */,
				9B6B83C921F315DB00554D2D /* RxCocoa.framework */,
				9B6B83C521F315DA00554D2D /* RxSwift.framework */,
			);
			name = Frameworks;
			sourceTree = "<group>";
		};
		9B892A6521F5EB6500A3B58B /* Collection */ = {
			isa = PBXGroup;
			children = (
				9B892A6621F5EB8100A3B58B /* Collection+IsNotEmpty.swift */,
			);
			path = Collection;
			sourceTree = "<group>";
		};
		9B892A6821F5EBF600A3B58B /* Foundation */ = {
			isa = PBXGroup;
			children = (
				9B892A6921F5EC0300A3B58B /* Array */,
				9B892A6521F5EB6500A3B58B /* Collection */,
			);
			path = Foundation;
			sourceTree = "<group>";
		};
		9B892A6921F5EC0300A3B58B /* Array */ = {
			isa = PBXGroup;
			children = (
				9B892A6A21F5EC1600A3B58B /* Array+UnsafeIndex.swift */,
			);
			path = Array;
			sourceTree = "<group>";
		};
		9B892A6C21F5EC4000A3B58B /* ObjectMapper */ = {
			isa = PBXGroup;
			children = (
				9B892A6D21F5EC6B00A3B58B /* ObjectMapper+Map.swift */,
			);
			path = ObjectMapper;
			sourceTree = "<group>";
		};
		9B892A6F21F5ECCC00A3B58B /* Rx */ = {
			isa = PBXGroup;
			children = (
				9B892A7021F5ECDD00A3B58B /* Rx+FilterNil.swift */,
			);
			path = Rx;
			sourceTree = "<group>";
		};
		9B892A7421F5F0D600A3B58B /* PersonsSearch */ = {
			isa = PBXGroup;
			children = (
				9B6B839B21F2F65200554D2D /* PersonsSearchViewController.swift */,
				9B892A7F21F5F48000A3B58B /* Cell */,
			);
			path = PersonsSearch;
			sourceTree = "<group>";
		};
		9B892A7521F5F1CF00A3B58B /* UIKit */ = {
			isa = PBXGroup;
			children = (
				9B892A7621F5F1DB00A3B58B /* UITableView */,
				9B6B83C121F3076B00554D2D /* UIView */,
			);
			path = UIKit;
			sourceTree = "<group>";
		};
		9B892A7621F5F1DB00A3B58B /* UITableView */ = {
			isa = PBXGroup;
			children = (
				9B892A7721F5F1EA00A3B58B /* UITableView+Register.swift */,
			);
			path = UITableView;
			sourceTree = "<group>";
		};
		9B892A7F21F5F48000A3B58B /* Cell */ = {
			isa = PBXGroup;
			children = (
				9B892A7B21F5F47B00A3B58B /* PersonCollectionViewCell.swift */,
				9B892A7C21F5F47B00A3B58B /* PersonCollectionViewCell.xib */,
			);
			path = Cell;
			sourceTree = "<group>";
		};
/* End PBXGroup section */

/* Begin PBXNativeTarget section */
		9B6B839521F2F65200554D2D /* starWars_arcsinus */ = {
			isa = PBXNativeTarget;
			buildConfigurationList = 9B6B83A821F2F65500554D2D /* Build configuration list for PBXNativeTarget "starWars_arcsinus" */;
			buildPhases = (
				9B6B83AC21F2FF5500554D2D /* ShellScript */,
				9B6B83AB21F2FDFC00554D2D /* ShellScript */,
				9B6B839221F2F65200554D2D /* Sources */,
				9B6B839321F2F65200554D2D /* Frameworks */,
				9B6B839421F2F65200554D2D /* Resources */,
			);
			buildRules = (
			);
			dependencies = (
			);
			name = starWars_arcsinus;
			productName = starWars_arcsinus;
			productReference = 9B6B839621F2F65200554D2D /* starWars_arcsinus.app */;
			productType = "com.apple.product-type.application";
		};
/* End PBXNativeTarget section */

/* Begin PBXProject section */
		9B6B838E21F2F65200554D2D /* Project object */ = {
			isa = PBXProject;
			attributes = {
				LastSwiftUpdateCheck = 1010;
				LastUpgradeCheck = 1010;
				ORGANIZATIONNAME = "Владислав Игнатьев";
				TargetAttributes = {
					9B6B839521F2F65200554D2D = {
						CreatedOnToolsVersion = 10.1;
					};
				};
			};
			buildConfigurationList = 9B6B839121F2F65200554D2D /* Build configuration list for PBXProject "starWars_arcsinus" */;
			compatibilityVersion = "Xcode 9.3";
			developmentRegion = en;
			hasScannedForEncodings = 0;
			knownRegions = (
				en,
				Base,
				ru,
			);
			mainGroup = 9B6B838D21F2F65200554D2D;
			productRefGroup = 9B6B839721F2F65200554D2D /* Products */;
			projectDirPath = "";
			projectRoot = "";
			targets = (
				9B6B839521F2F65200554D2D /* starWars_arcsinus */,
			);
		};
/* End PBXProject section */

/* Begin PBXResourcesBuildPhase section */
		9B6B839421F2F65200554D2D /* Resources */ = {
			isa = PBXResourcesBuildPhase;
			buildActionMask = 2147483647;
			files = (
				9B6B83A421F2F65500554D2D /* LaunchScreen.storyboard in Resources */,
				9B6B83B321F301C700554D2D /* Localizable.strings in Resources */,
				9B892A7E21F5F47B00A3B58B /* PersonCollectionViewCell.xib in Resources */,
				9B6B83A121F2F65500554D2D /* Assets.xcassets in Resources */,
				9B6B839F21F2F65200554D2D /* Main.storyboard in Resources */,
			);
			runOnlyForDeploymentPostprocessing = 0;
		};
/* End PBXResourcesBuildPhase section */

/* Begin PBXShellScriptBuildPhase section */
		9B6B83AB21F2FDFC00554D2D /* ShellScript */ = {
			isa = PBXShellScriptBuildPhase;
			buildActionMask = 2147483647;
			files = (
			);
			inputFileListPaths = (
			);
			inputPaths = (
				"$(SRCROOT)/Carthage/Build/iOS/Alamofire.framework",
				"$(SRCROOT)/Carthage/Build/iOS/RxCocoa.framework",
				"$(SRCROOT)/Carthage/Build/iOS/RxSwift.framework",
				"$(SRCROOT)/Carthage/Build/iOS/ObjectMapper.framework",
			);
			outputFileListPaths = (
			);
			outputPaths = (
				"$(BUILT_PRODUCTS_DIR)/$(FRAMEWORKS_FOLDER_PATH)/Alamofire.framework",
				"$(BUILT_PRODUCTS_DIR)/$(FRAMEWORKS_FOLDER_PATH)/RxCocoa.framework",
				"$(BUILT_PRODUCTS_DIR)/$(FRAMEWORKS_FOLDER_PATH)/RxSwift.framework",
				"$(BUILT_PRODUCTS_DIR)/$(FRAMEWORKS_FOLDER_PATH)/ObjectMapper.framework",
			);
			runOnlyForDeploymentPostprocessing = 0;
			shellPath = /bin/sh;
			shellScript = "/usr/local/bin/carthage copy-frameworks\n";
		};
		9B6B83AC21F2FF5500554D2D /* ShellScript */ = {
			isa = PBXShellScriptBuildPhase;
			buildActionMask = 2147483647;
			files = (
			);
			inputFileListPaths = (
			);
			inputPaths = (
			);
			outputFileListPaths = (
			);
			outputPaths = (
			);
			runOnlyForDeploymentPostprocessing = 0;
			shellPath = /bin/sh;
			shellScript = "if which swiftgen >/dev/null; then\nswiftgen\nelse\necho \"warning: SwiftGen not installed, download it from https://github.com/SwiftGen/SwiftGen\"\nfi\n";
		};
/* End PBXShellScriptBuildPhase section */

/* Begin PBXSourcesBuildPhase section */
		9B6B839221F2F65200554D2D /* Sources */ = {
			isa = PBXSourcesBuildPhase;
			buildActionMask = 2147483647;
			files = (
				9B892A6B21F5EC1600A3B58B /* Array+UnsafeIndex.swift in Sources */,
				9B6B839C21F2F65200554D2D /* PersonsSearchViewController.swift in Sources */,
				9B892A6721F5EB8100A3B58B /* Collection+IsNotEmpty.swift in Sources */,
				9B892A6421F5EB3700A3B58B /* UIView+AllNestedViews.swift in Sources */,
				9B6B83C021F3076100554D2D /* UIView+Xib.swift in Sources */,
				9B892A7D21F5F47B00A3B58B /* PersonCollectionViewCell.swift in Sources */,
				9B892A7821F5F1EA00A3B58B /* UITableView+Register.swift in Sources */,
				9B6B83BA21F3035B00554D2D /* Strings.swift in Sources */,
				9B892A6E21F5EC6B00A3B58B /* ObjectMapper+Map.swift in Sources */,
				9B6B83C321F311D300554D2D /* Person.swift in Sources */,
				9B892A7321F5EE8300A3B58B /* ViewModelType.swift in Sources */,
				9B892A7121F5ECDD00A3B58B /* Rx+FilterNil.swift in Sources */,
				9B6B839A21F2F65200554D2D /* AppDelegate.swift in Sources */,
				9B6B83BC21F3037600554D2D /* Constants.swift in Sources */,
			);
			runOnlyForDeploymentPostprocessing = 0;
		};
/* End PBXSourcesBuildPhase section */

/* Begin PBXVariantGroup section */
		9B6B839D21F2F65200554D2D /* Main.storyboard */ = {
			isa = PBXVariantGroup;
			children = (
				9B6B839E21F2F65200554D2D /* Base */,
			);
			name = Main.storyboard;
			sourceTree = "<group>";
		};
		9B6B83A221F2F65500554D2D /* LaunchScreen.storyboard */ = {
			isa = PBXVariantGroup;
			children = (
				9B6B83A321F2F65500554D2D /* Base */,
			);
			name = LaunchScreen.storyboard;
			sourceTree = "<group>";
		};
		9B6B83B521F301C700554D2D /* Localizable.strings */ = {
			isa = PBXVariantGroup;
			children = (
				9B6B83B421F301C700554D2D /* en */,
				9B6B83B621F301DA00554D2D /* ru */,
			);
			name = Localizable.strings;
			sourceTree = "<group>";
		};
/* End PBXVariantGroup section */

/* Begin XCBuildConfiguration section */
		9B6B83A621F2F65500554D2D /* Debug */ = {
			isa = XCBuildConfiguration;
			buildSettings = {
				ALWAYS_SEARCH_USER_PATHS = NO;
				CLANG_ANALYZER_LOCALIZABILITY_NONLOCALIZED = YES;
				CLANG_ANALYZER_NONNULL = YES;
				CLANG_ANALYZER_NUMBER_OBJECT_CONVERSION = YES_AGGRESSIVE;
				CLANG_CXX_LANGUAGE_STANDARD = "gnu++14";
				CLANG_CXX_LIBRARY = "libc++";
				CLANG_ENABLE_MODULES = YES;
				CLANG_ENABLE_OBJC_ARC = YES;
				CLANG_ENABLE_OBJC_WEAK = YES;
				CLANG_WARN_BLOCK_CAPTURE_AUTORELEASING = YES;
				CLANG_WARN_BOOL_CONVERSION = YES;
				CLANG_WARN_COMMA = YES;
				CLANG_WARN_CONSTANT_CONVERSION = YES;
				CLANG_WARN_DEPRECATED_OBJC_IMPLEMENTATIONS = YES;
				CLANG_WARN_DIRECT_OBJC_ISA_USAGE = YES_ERROR;
				CLANG_WARN_DOCUMENTATION_COMMENTS = YES;
				CLANG_WARN_EMPTY_BODY = YES;
				CLANG_WARN_ENUM_CONVERSION = YES;
				CLANG_WARN_INFINITE_RECURSION = YES;
				CLANG_WARN_INT_CONVERSION = YES;
				CLANG_WARN_NON_LITERAL_NULL_CONVERSION = YES;
				CLANG_WARN_OBJC_IMPLICIT_RETAIN_SELF = YES;
				CLANG_WARN_OBJC_LITERAL_CONVERSION = YES;
				CLANG_WARN_OBJC_ROOT_CLASS = YES_ERROR;
				CLANG_WARN_RANGE_LOOP_ANALYSIS = YES;
				CLANG_WARN_STRICT_PROTOTYPES = YES;
				CLANG_WARN_SUSPICIOUS_MOVE = YES;
				CLANG_WARN_UNGUARDED_AVAILABILITY = YES_AGGRESSIVE;
				CLANG_WARN_UNREACHABLE_CODE = YES;
				CLANG_WARN__DUPLICATE_METHOD_MATCH = YES;
				CODE_SIGN_IDENTITY = "iPhone Developer";
				COPY_PHASE_STRIP = NO;
				DEBUG_INFORMATION_FORMAT = dwarf;
				ENABLE_STRICT_OBJC_MSGSEND = YES;
				ENABLE_TESTABILITY = YES;
				GCC_C_LANGUAGE_STANDARD = gnu11;
				GCC_DYNAMIC_NO_PIC = NO;
				GCC_NO_COMMON_BLOCKS = YES;
				GCC_OPTIMIZATION_LEVEL = 0;
				GCC_PREPROCESSOR_DEFINITIONS = (
					"DEBUG=1",
					"$(inherited)",
				);
				GCC_WARN_64_TO_32_BIT_CONVERSION = YES;
				GCC_WARN_ABOUT_RETURN_TYPE = YES_ERROR;
				GCC_WARN_UNDECLARED_SELECTOR = YES;
				GCC_WARN_UNINITIALIZED_AUTOS = YES_AGGRESSIVE;
				GCC_WARN_UNUSED_FUNCTION = YES;
				GCC_WARN_UNUSED_VARIABLE = YES;
				IPHONEOS_DEPLOYMENT_TARGET = 12.1;
				MTL_ENABLE_DEBUG_INFO = INCLUDE_SOURCE;
				MTL_FAST_MATH = YES;
				ONLY_ACTIVE_ARCH = YES;
				SDKROOT = iphoneos;
				SWIFT_ACTIVE_COMPILATION_CONDITIONS = DEBUG;
				SWIFT_OPTIMIZATION_LEVEL = "-Onone";
			};
			name = Debug;
		};
		9B6B83A721F2F65500554D2D /* Release */ = {
			isa = XCBuildConfiguration;
			buildSettings = {
				ALWAYS_SEARCH_USER_PATHS = NO;
				CLANG_ANALYZER_LOCALIZABILITY_NONLOCALIZED = YES;
				CLANG_ANALYZER_NONNULL = YES;
				CLANG_ANALYZER_NUMBER_OBJECT_CONVERSION = YES_AGGRESSIVE;
				CLANG_CXX_LANGUAGE_STANDARD = "gnu++14";
				CLANG_CXX_LIBRARY = "libc++";
				CLANG_ENABLE_MODULES = YES;
				CLANG_ENABLE_OBJC_ARC = YES;
				CLANG_ENABLE_OBJC_WEAK = YES;
				CLANG_WARN_BLOCK_CAPTURE_AUTORELEASING = YES;
				CLANG_WARN_BOOL_CONVERSION = YES;
				CLANG_WARN_COMMA = YES;
				CLANG_WARN_CONSTANT_CONVERSION = YES;
				CLANG_WARN_DEPRECATED_OBJC_IMPLEMENTATIONS = YES;
				CLANG_WARN_DIRECT_OBJC_ISA_USAGE = YES_ERROR;
				CLANG_WARN_DOCUMENTATION_COMMENTS = YES;
				CLANG_WARN_EMPTY_BODY = YES;
				CLANG_WARN_ENUM_CONVERSION = YES;
				CLANG_WARN_INFINITE_RECURSION = YES;
				CLANG_WARN_INT_CONVERSION = YES;
				CLANG_WARN_NON_LITERAL_NULL_CONVERSION = YES;
				CLANG_WARN_OBJC_IMPLICIT_RETAIN_SELF = YES;
				CLANG_WARN_OBJC_LITERAL_CONVERSION = YES;
				CLANG_WARN_OBJC_ROOT_CLASS = YES_ERROR;
				CLANG_WARN_RANGE_LOOP_ANALYSIS = YES;
				CLANG_WARN_STRICT_PROTOTYPES = YES;
				CLANG_WARN_SUSPICIOUS_MOVE = YES;
				CLANG_WARN_UNGUARDED_AVAILABILITY = YES_AGGRESSIVE;
				CLANG_WARN_UNREACHABLE_CODE = YES;
				CLANG_WARN__DUPLICATE_METHOD_MATCH = YES;
				CODE_SIGN_IDENTITY = "iPhone Developer";
				COPY_PHASE_STRIP = NO;
				DEBUG_INFORMATION_FORMAT = "dwarf-with-dsym";
				ENABLE_NS_ASSERTIONS = NO;
				ENABLE_STRICT_OBJC_MSGSEND = YES;
				GCC_C_LANGUAGE_STANDARD = gnu11;
				GCC_NO_COMMON_BLOCKS = YES;
				GCC_WARN_64_TO_32_BIT_CONVERSION = YES;
				GCC_WARN_ABOUT_RETURN_TYPE = YES_ERROR;
				GCC_WARN_UNDECLARED_SELECTOR = YES;
				GCC_WARN_UNINITIALIZED_AUTOS = YES_AGGRESSIVE;
				GCC_WARN_UNUSED_FUNCTION = YES;
				GCC_WARN_UNUSED_VARIABLE = YES;
				IPHONEOS_DEPLOYMENT_TARGET = 12.1;
				MTL_ENABLE_DEBUG_INFO = NO;
				MTL_FAST_MATH = YES;
				SDKROOT = iphoneos;
				SWIFT_COMPILATION_MODE = wholemodule;
				SWIFT_OPTIMIZATION_LEVEL = "-O";
				VALIDATE_PRODUCT = YES;
			};
			name = Release;
		};
		9B6B83A921F2F65500554D2D /* Debug */ = {
			isa = XCBuildConfiguration;
			buildSettings = {
				ASSETCATALOG_COMPILER_APPICON_NAME = AppIcon;
				CODE_SIGN_IDENTITY = "iPhone Developer";
				CODE_SIGN_STYLE = Automatic;
				DEVELOPMENT_TEAM = C9Z8X7D82Y;
				FRAMEWORK_SEARCH_PATHS = (
					"$(inherited)",
					"$(PROJECT_DIR)/Carthage/Build/iOS",
				);
				INFOPLIST_FILE = "$(SRCROOT)/starWars_arcsinus/Sources/Configs/Info.plist";
				LD_RUNPATH_SEARCH_PATHS = (
					"$(inherited)",
					"@executable_path/Frameworks",
				);
				PRODUCT_BUNDLE_IDENTIFIER = "com.vignatiev.starWars-arcsinus";
				PRODUCT_NAME = "$(TARGET_NAME)";
				PROVISIONING_PROFILE_SPECIFIER = "";
				SWIFT_VERSION = 4.2;
				TARGETED_DEVICE_FAMILY = 1;
			};
			name = Debug;
		};
		9B6B83AA21F2F65500554D2D /* Release */ = {
			isa = XCBuildConfiguration;
			buildSettings = {
				ASSETCATALOG_COMPILER_APPICON_NAME = AppIcon;
				CODE_SIGN_IDENTITY = "iPhone Developer";
				CODE_SIGN_STYLE = Automatic;
				DEVELOPMENT_TEAM = C9Z8X7D82Y;
				FRAMEWORK_SEARCH_PATHS = (
					"$(inherited)",
					"$(PROJECT_DIR)/Carthage/Build/iOS",
				);
				INFOPLIST_FILE = "$(SRCROOT)/starWars_arcsinus/Sources/Configs/Info.plist";
				LD_RUNPATH_SEARCH_PATHS = (
					"$(inherited)",
					"@executable_path/Frameworks",
				);
				PRODUCT_BUNDLE_IDENTIFIER = "com.vignatiev.starWars-arcsinus";
				PRODUCT_NAME = "$(TARGET_NAME)";
				PROVISIONING_PROFILE_SPECIFIER = "";
				SWIFT_VERSION = 4.2;
				TARGETED_DEVICE_FAMILY = 1;
			};
			name = Release;
		};
/* End XCBuildConfiguration section */

/* Begin XCConfigurationList section */
		9B6B839121F2F65200554D2D /* Build configuration list for PBXProject "starWars_arcsinus" */ = {
			isa = XCConfigurationList;
			buildConfigurations = (
				9B6B83A621F2F65500554D2D /* Debug */,
				9B6B83A721F2F65500554D2D /* Release */,
			);
			defaultConfigurationIsVisible = 0;
			defaultConfigurationName = Release;
		};
		9B6B83A821F2F65500554D2D /* Build configuration list for PBXNativeTarget "starWars_arcsinus" */ = {
			isa = XCConfigurationList;
			buildConfigurations = (
				9B6B83A921F2F65500554D2D /* Debug */,
				9B6B83AA21F2F65500554D2D /* Release */,
			);
			defaultConfigurationIsVisible = 0;
			defaultConfigurationName = Release;
		};
/* End XCConfigurationList section */
	};
	rootObject = 9B6B838E21F2F65200554D2D /* Project object */;
}
